// !$*UTF8*$!
{
	archiveVersion = 1;
	classes = {
	};
	objectVersion = 50;
	objects = {

/* Begin PBXBuildFile section */
		92E535FD81D1A388D93F56A1 /* Pods_face_detectionTests.framework in Frameworks */ = {isa = PBXBuildFile; fileRef = 9B2C9555ED129286DFA17372 /* Pods_face_detectionTests.framework */; };
		966878B4AC7D2AE377E415A6 /* Pods_face_detection.framework in Frameworks */ = {isa = PBXBuildFile; fileRef = F735FC5B5C602342F84BA25A /* Pods_face_detection.framework */; };
		B48433F88C469EEAB24C0E60 /* Pods_face_detection_face_detectionUITests.framework in Frameworks */ = {isa = PBXBuildFile; fileRef = 8CAFAEF1C4EAEFF55D62E3DC /* Pods_face_detection_face_detectionUITests.framework */; };
		D307FEEC24D904AD000017C0 /* AppDelegate.swift in Sources */ = {isa = PBXBuildFile; fileRef = D307FEEB24D904AD000017C0 /* AppDelegate.swift */; };
		D307FEEE24D904AD000017C0 /* SceneDelegate.swift in Sources */ = {isa = PBXBuildFile; fileRef = D307FEED24D904AD000017C0 /* SceneDelegate.swift */; };
		D307FEF024D904AD000017C0 /* ViewController.swift in Sources */ = {isa = PBXBuildFile; fileRef = D307FEEF24D904AD000017C0 /* ViewController.swift */; };
		D307FEF324D904AD000017C0 /* Main.storyboard in Resources */ = {isa = PBXBuildFile; fileRef = D307FEF124D904AD000017C0 /* Main.storyboard */; };
		D307FEF524D904B0000017C0 /* Assets.xcassets in Resources */ = {isa = PBXBuildFile; fileRef = D307FEF424D904B0000017C0 /* Assets.xcassets */; };
		D307FEF824D904B0000017C0 /* LaunchScreen.storyboard in Resources */ = {isa = PBXBuildFile; fileRef = D307FEF624D904B0000017C0 /* LaunchScreen.storyboard */; };
		D307FF0324D904B0000017C0 /* face_detectionTests.swift in Sources */ = {isa = PBXBuildFile; fileRef = D307FF0224D904B0000017C0 /* face_detectionTests.swift */; };
		D307FF0E24D904B1000017C0 /* face_detectionUITests.swift in Sources */ = {isa = PBXBuildFile; fileRef = D307FF0D24D904B1000017C0 /* face_detectionUITests.swift */; };
		D307FF1E24D90799000017C0 /* Vision.mm in Sources */ = {isa = PBXBuildFile; fileRef = D307FF1D24D90799000017C0 /* Vision.mm */; };
		D307FF2124DF20A5000017C0 /* ImageBridge.mm in Sources */ = {isa = PBXBuildFile; fileRef = D307FF2024DF20A5000017C0 /* ImageBridge.mm */; };
/* End PBXBuildFile section */

/* Begin PBXContainerItemProxy section */
		D307FEFF24D904B0000017C0 /* PBXContainerItemProxy */ = {
			isa = PBXContainerItemProxy;
			containerPortal = D307FEE024D904AD000017C0 /* Project object */;
			proxyType = 1;
			remoteGlobalIDString = D307FEE724D904AD000017C0;
			remoteInfo = "face-detection";
		};
		D307FF0A24D904B0000017C0 /* PBXContainerItemProxy */ = {
			isa = PBXContainerItemProxy;
			containerPortal = D307FEE024D904AD000017C0 /* Project object */;
			proxyType = 1;
			remoteGlobalIDString = D307FEE724D904AD000017C0;
			remoteInfo = "face-detection";
		};
/* End PBXContainerItemProxy section */

/* Begin PBXFileReference section */
		270F745B3F1B7CAD1AA0F1E5 /* Pods-face-detection.debug.xcconfig */ = {isa = PBXFileReference; includeInIndex = 1; lastKnownFileType = text.xcconfig; name = "Pods-face-detection.debug.xcconfig"; path = "Target Support Files/Pods-face-detection/Pods-face-detection.debug.xcconfig"; sourceTree = "<group>"; };
		29DCE1447AEDB048FC817C0D /* Pods-face-detectionTests.release.xcconfig */ = {isa = PBXFileReference; includeInIndex = 1; lastKnownFileType = text.xcconfig; name = "Pods-face-detectionTests.release.xcconfig"; path = "Target Support Files/Pods-face-detectionTests/Pods-face-detectionTests.release.xcconfig"; sourceTree = "<group>"; };
		3A55D780F0F0D1FCCEE06B8A /* Pods-face-detection-face-detectionUITests.debug.xcconfig */ = {isa = PBXFileReference; includeInIndex = 1; lastKnownFileType = text.xcconfig; name = "Pods-face-detection-face-detectionUITests.debug.xcconfig"; path = "Target Support Files/Pods-face-detection-face-detectionUITests/Pods-face-detection-face-detectionUITests.debug.xcconfig"; sourceTree = "<group>"; };
		77A1258AB6B26F51EBE3CA83 /* Pods-face-detection.release.xcconfig */ = {isa = PBXFileReference; includeInIndex = 1; lastKnownFileType = text.xcconfig; name = "Pods-face-detection.release.xcconfig"; path = "Target Support Files/Pods-face-detection/Pods-face-detection.release.xcconfig"; sourceTree = "<group>"; };
		8CAFAEF1C4EAEFF55D62E3DC /* Pods_face_detection_face_detectionUITests.framework */ = {isa = PBXFileReference; explicitFileType = wrapper.framework; includeInIndex = 0; path = Pods_face_detection_face_detectionUITests.framework; sourceTree = BUILT_PRODUCTS_DIR; };
		9B2C9555ED129286DFA17372 /* Pods_face_detectionTests.framework */ = {isa = PBXFileReference; explicitFileType = wrapper.framework; includeInIndex = 0; path = Pods_face_detectionTests.framework; sourceTree = BUILT_PRODUCTS_DIR; };
		A06D542563AD064E570B3B4C /* Pods-face-detection-face-detectionUITests.release.xcconfig */ = {isa = PBXFileReference; includeInIndex = 1; lastKnownFileType = text.xcconfig; name = "Pods-face-detection-face-detectionUITests.release.xcconfig"; path = "Target Support Files/Pods-face-detection-face-detectionUITests/Pods-face-detection-face-detectionUITests.release.xcconfig"; sourceTree = "<group>"; };
		CA38AE200103417EDA1D026C /* Pods-face-detectionTests.debug.xcconfig */ = {isa = PBXFileReference; includeInIndex = 1; lastKnownFileType = text.xcconfig; name = "Pods-face-detectionTests.debug.xcconfig"; path = "Target Support Files/Pods-face-detectionTests/Pods-face-detectionTests.debug.xcconfig"; sourceTree = "<group>"; };
		D307FEE824D904AD000017C0 /* face-detection.app */ = {isa = PBXFileReference; explicitFileType = wrapper.application; includeInIndex = 0; path = "face-detection.app"; sourceTree = BUILT_PRODUCTS_DIR; };
		D307FEEB24D904AD000017C0 /* AppDelegate.swift */ = {isa = PBXFileReference; lastKnownFileType = sourcecode.swift; path = AppDelegate.swift; sourceTree = "<group>"; };
		D307FEED24D904AD000017C0 /* SceneDelegate.swift */ = {isa = PBXFileReference; lastKnownFileType = sourcecode.swift; path = SceneDelegate.swift; sourceTree = "<group>"; };
		D307FEEF24D904AD000017C0 /* ViewController.swift */ = {isa = PBXFileReference; lastKnownFileType = sourcecode.swift; path = ViewController.swift; sourceTree = "<group>"; };
		D307FEF224D904AD000017C0 /* Base */ = {isa = PBXFileReference; lastKnownFileType = file.storyboard; name = Base; path = Base.lproj/Main.storyboard; sourceTree = "<group>"; };
		D307FEF424D904B0000017C0 /* Assets.xcassets */ = {isa = PBXFileReference; lastKnownFileType = folder.assetcatalog; path = Assets.xcassets; sourceTree = "<group>"; };
		D307FEF724D904B0000017C0 /* Base */ = {isa = PBXFileReference; lastKnownFileType = file.storyboard; name = Base; path = Base.lproj/LaunchScreen.storyboard; sourceTree = "<group>"; };
		D307FEF924D904B0000017C0 /* Info.plist */ = {isa = PBXFileReference; lastKnownFileType = text.plist.xml; path = Info.plist; sourceTree = "<group>"; };
		D307FEFE24D904B0000017C0 /* face-detectionTests.xctest */ = {isa = PBXFileReference; explicitFileType = wrapper.cfbundle; includeInIndex = 0; path = "face-detectionTests.xctest"; sourceTree = BUILT_PRODUCTS_DIR; };
		D307FF0224D904B0000017C0 /* face_detectionTests.swift */ = {isa = PBXFileReference; lastKnownFileType = sourcecode.swift; path = face_detectionTests.swift; sourceTree = "<group>"; };
		D307FF0424D904B0000017C0 /* Info.plist */ = {isa = PBXFileReference; lastKnownFileType = text.plist.xml; path = Info.plist; sourceTree = "<group>"; };
		D307FF0924D904B0000017C0 /* face-detectionUITests.xctest */ = {isa = PBXFileReference; explicitFileType = wrapper.cfbundle; includeInIndex = 0; path = "face-detectionUITests.xctest"; sourceTree = BUILT_PRODUCTS_DIR; };
		D307FF0D24D904B1000017C0 /* face_detectionUITests.swift */ = {isa = PBXFileReference; lastKnownFileType = sourcecode.swift; path = face_detectionUITests.swift; sourceTree = "<group>"; };
		D307FF0F24D904B1000017C0 /* Info.plist */ = {isa = PBXFileReference; lastKnownFileType = text.plist.xml; path = Info.plist; sourceTree = "<group>"; };
		D307FF1B24D90798000017C0 /* face-detection-Bridging-Header.h */ = {isa = PBXFileReference; lastKnownFileType = sourcecode.c.h; path = "face-detection-Bridging-Header.h"; sourceTree = "<group>"; };
		D307FF1C24D90799000017C0 /* Vision.h */ = {isa = PBXFileReference; lastKnownFileType = sourcecode.c.h; path = Vision.h; sourceTree = "<group>"; };
		D307FF1D24D90799000017C0 /* Vision.mm */ = {isa = PBXFileReference; lastKnownFileType = sourcecode.cpp.objcpp; path = Vision.mm; sourceTree = "<group>"; };
		D307FF1F24DF20A5000017C0 /* ImageBridge.h */ = {isa = PBXFileReference; lastKnownFileType = sourcecode.c.h; path = ImageBridge.h; sourceTree = "<group>"; };
		D307FF2024DF20A5000017C0 /* ImageBridge.mm */ = {isa = PBXFileReference; lastKnownFileType = sourcecode.cpp.objcpp; path = ImageBridge.mm; sourceTree = "<group>"; };
		F735FC5B5C602342F84BA25A /* Pods_face_detection.framework */ = {isa = PBXFileReference; explicitFileType = wrapper.framework; includeInIndex = 0; path = Pods_face_detection.framework; sourceTree = BUILT_PRODUCTS_DIR; };
/* End PBXFileReference section */

/* Begin PBXFrameworksBuildPhase section */
		D307FEE524D904AD000017C0 /* Frameworks */ = {
			isa = PBXFrameworksBuildPhase;
			buildActionMask = 2147483647;
			files = (
				966878B4AC7D2AE377E415A6 /* Pods_face_detection.framework in Frameworks */,
			);
			runOnlyForDeploymentPostprocessing = 0;
		};
		D307FEFB24D904B0000017C0 /* Frameworks */ = {
			isa = PBXFrameworksBuildPhase;
			buildActionMask = 2147483647;
			files = (
				92E535FD81D1A388D93F56A1 /* Pods_face_detectionTests.framework in Frameworks */,
			);
			runOnlyForDeploymentPostprocessing = 0;
		};
		D307FF0624D904B0000017C0 /* Frameworks */ = {
			isa = PBXFrameworksBuildPhase;
			buildActionMask = 2147483647;
			files = (
				B48433F88C469EEAB24C0E60 /* Pods_face_detection_face_detectionUITests.framework in Frameworks */,
			);
			runOnlyForDeploymentPostprocessing = 0;
		};
/* End PBXFrameworksBuildPhase section */

/* Begin PBXGroup section */
		324030AE371B38F3E8267305 /* Pods */ = {
			isa = PBXGroup;
			children = (
				270F745B3F1B7CAD1AA0F1E5 /* Pods-face-detection.debug.xcconfig */,
				77A1258AB6B26F51EBE3CA83 /* Pods-face-detection.release.xcconfig */,
				3A55D780F0F0D1FCCEE06B8A /* Pods-face-detection-face-detectionUITests.debug.xcconfig */,
				A06D542563AD064E570B3B4C /* Pods-face-detection-face-detectionUITests.release.xcconfig */,
				CA38AE200103417EDA1D026C /* Pods-face-detectionTests.debug.xcconfig */,
				29DCE1447AEDB048FC817C0D /* Pods-face-detectionTests.release.xcconfig */,
			);
			path = Pods;
			sourceTree = "<group>";
		};
		792B5ABBC367A4E6956BAFD8 /* Frameworks */ = {
			isa = PBXGroup;
			children = (
				F735FC5B5C602342F84BA25A /* Pods_face_detection.framework */,
				8CAFAEF1C4EAEFF55D62E3DC /* Pods_face_detection_face_detectionUITests.framework */,
				9B2C9555ED129286DFA17372 /* Pods_face_detectionTests.framework */,
			);
			name = Frameworks;
			sourceTree = "<group>";
		};
		D307FEDF24D904AD000017C0 = {
			isa = PBXGroup;
			children = (
				D307FEEA24D904AD000017C0 /* face-detection */,
				D307FF0124D904B0000017C0 /* face-detectionTests */,
				D307FF0C24D904B1000017C0 /* face-detectionUITests */,
				D307FEE924D904AD000017C0 /* Products */,
				324030AE371B38F3E8267305 /* Pods */,
				792B5ABBC367A4E6956BAFD8 /* Frameworks */,
			);
			sourceTree = "<group>";
		};
		D307FEE924D904AD000017C0 /* Products */ = {
			isa = PBXGroup;
			children = (
				D307FEE824D904AD000017C0 /* face-detection.app */,
				D307FEFE24D904B0000017C0 /* face-detectionTests.xctest */,
				D307FF0924D904B0000017C0 /* face-detectionUITests.xctest */,
			);
			name = Products;
			sourceTree = "<group>";
		};
		D307FEEA24D904AD000017C0 /* face-detection */ = {
			isa = PBXGroup;
			children = (
				D307FEEB24D904AD000017C0 /* AppDelegate.swift */,
				D307FEED24D904AD000017C0 /* SceneDelegate.swift */,
				D307FEEF24D904AD000017C0 /* ViewController.swift */,
				D307FEF124D904AD000017C0 /* Main.storyboard */,
				D307FEF424D904B0000017C0 /* Assets.xcassets */,
				D307FEF624D904B0000017C0 /* LaunchScreen.storyboard */,
				D307FEF924D904B0000017C0 /* Info.plist */,
				D307FF1C24D90799000017C0 /* Vision.h */,
				D307FF1D24D90799000017C0 /* Vision.mm */,
				D307FF1B24D90798000017C0 /* face-detection-Bridging-Header.h */,
				D307FF1F24DF20A5000017C0 /* ImageBridge.h */,
				D307FF2024DF20A5000017C0 /* ImageBridge.mm */,
			);
			path = "face-detection";
			sourceTree = "<group>";
		};
		D307FF0124D904B0000017C0 /* face-detectionTests */ = {
			isa = PBXGroup;
			children = (
				D307FF0224D904B0000017C0 /* face_detectionTests.swift */,
				D307FF0424D904B0000017C0 /* Info.plist */,
			);
			path = "face-detectionTests";
			sourceTree = "<group>";
		};
		D307FF0C24D904B1000017C0 /* face-detectionUITests */ = {
			isa = PBXGroup;
			children = (
				D307FF0D24D904B1000017C0 /* face_detectionUITests.swift */,
				D307FF0F24D904B1000017C0 /* Info.plist */,
			);
			path = "face-detectionUITests";
			sourceTree = "<group>";
		};
/* End PBXGroup section */

/* Begin PBXNativeTarget section */
		D307FEE724D904AD000017C0 /* face-detection */ = {
			isa = PBXNativeTarget;
			buildConfigurationList = D307FF1224D904B1000017C0 /* Build configuration list for PBXNativeTarget "face-detection" */;
			buildPhases = (
				D706F920BE3395C8DCEB8C57 /* [CP] Check Pods Manifest.lock */,
				D307FEE424D904AD000017C0 /* Sources */,
				D307FEE524D904AD000017C0 /* Frameworks */,
				D307FEE624D904AD000017C0 /* Resources */,
			);
			buildRules = (
			);
			dependencies = (
			);
			name = "face-detection";
			productName = "face-detection";
			productReference = D307FEE824D904AD000017C0 /* face-detection.app */;
			productType = "com.apple.product-type.application";
		};
		D307FEFD24D904B0000017C0 /* face-detectionTests */ = {
			isa = PBXNativeTarget;
			buildConfigurationList = D307FF1524D904B1000017C0 /* Build configuration list for PBXNativeTarget "face-detectionTests" */;
			buildPhases = (
				BA30686EFD0929B29E23451A /* [CP] Check Pods Manifest.lock */,
				D307FEFA24D904B0000017C0 /* Sources */,
				D307FEFB24D904B0000017C0 /* Frameworks */,
				D307FEFC24D904B0000017C0 /* Resources */,
			);
			buildRules = (
			);
			dependencies = (
				D307FF0024D904B0000017C0 /* PBXTargetDependency */,
			);
			name = "face-detectionTests";
			productName = "face-detectionTests";
			productReference = D307FEFE24D904B0000017C0 /* face-detectionTests.xctest */;
			productType = "com.apple.product-type.bundle.unit-test";
		};
		D307FF0824D904B0000017C0 /* face-detectionUITests */ = {
			isa = PBXNativeTarget;
			buildConfigurationList = D307FF1824D904B1000017C0 /* Build configuration list for PBXNativeTarget "face-detectionUITests" */;
			buildPhases = (
				FE54DDEB452102DE192BD260 /* [CP] Check Pods Manifest.lock */,
				D307FF0524D904B0000017C0 /* Sources */,
				D307FF0624D904B0000017C0 /* Frameworks */,
				D307FF0724D904B0000017C0 /* Resources */,
			);
			buildRules = (
			);
			dependencies = (
				D307FF0B24D904B0000017C0 /* PBXTargetDependency */,
			);
			name = "face-detectionUITests";
			productName = "face-detectionUITests";
			productReference = D307FF0924D904B0000017C0 /* face-detectionUITests.xctest */;
			productType = "com.apple.product-type.bundle.ui-testing";
		};
/* End PBXNativeTarget section */

/* Begin PBXProject section */
		D307FEE024D904AD000017C0 /* Project object */ = {
			isa = PBXProject;
			attributes = {
				LastSwiftUpdateCheck = 1140;
				LastUpgradeCheck = 1140;
				ORGANIZATIONNAME = "Edward Hubbard";
				TargetAttributes = {
					D307FEE724D904AD000017C0 = {
						CreatedOnToolsVersion = 11.4.1;
						LastSwiftMigration = 1140;
					};
					D307FEFD24D904B0000017C0 = {
						CreatedOnToolsVersion = 11.4.1;
						TestTargetID = D307FEE724D904AD000017C0;
					};
					D307FF0824D904B0000017C0 = {
						CreatedOnToolsVersion = 11.4.1;
						TestTargetID = D307FEE724D904AD000017C0;
					};
				};
			};
			buildConfigurationList = D307FEE324D904AD000017C0 /* Build configuration list for PBXProject "face-detection" */;
			compatibilityVersion = "Xcode 9.3";
			developmentRegion = en;
			hasScannedForEncodings = 0;
			knownRegions = (
				en,
				Base,
			);
			mainGroup = D307FEDF24D904AD000017C0;
			productRefGroup = D307FEE924D904AD000017C0 /* Products */;
			projectDirPath = "";
			projectRoot = "";
			targets = (
				D307FEE724D904AD000017C0 /* face-detection */,
				D307FEFD24D904B0000017C0 /* face-detectionTests */,
				D307FF0824D904B0000017C0 /* face-detectionUITests */,
			);
		};
/* End PBXProject section */

/* Begin PBXResourcesBuildPhase section */
		D307FEE624D904AD000017C0 /* Resources */ = {
			isa = PBXResourcesBuildPhase;
			buildActionMask = 2147483647;
			files = (
				D307FEF824D904B0000017C0 /* LaunchScreen.storyboard in Resources */,
				D307FEF524D904B0000017C0 /* Assets.xcassets in Resources */,
				D307FEF324D904AD000017C0 /* Main.storyboard in Resources */,
			);
			runOnlyForDeploymentPostprocessing = 0;
		};
		D307FEFC24D904B0000017C0 /* Resources */ = {
			isa = PBXResourcesBuildPhase;
			buildActionMask = 2147483647;
			files = (
			);
			runOnlyForDeploymentPostprocessing = 0;
		};
		D307FF0724D904B0000017C0 /* Resources */ = {
			isa = PBXResourcesBuildPhase;
			buildActionMask = 2147483647;
			files = (
			);
			runOnlyForDeploymentPostprocessing = 0;
		};
/* End PBXResourcesBuildPhase section */

/* Begin PBXShellScriptBuildPhase section */
		BA30686EFD0929B29E23451A /* [CP] Check Pods Manifest.lock */ = {
			isa = PBXShellScriptBuildPhase;
			buildActionMask = 2147483647;
			files = (
			);
			inputFileListPaths = (
			);
			inputPaths = (
				"${PODS_PODFILE_DIR_PATH}/Podfile.lock",
				"${PODS_ROOT}/Manifest.lock",
			);
			name = "[CP] Check Pods Manifest.lock";
			outputFileListPaths = (
			);
			outputPaths = (
				"$(DERIVED_FILE_DIR)/Pods-face-detectionTests-checkManifestLockResult.txt",
			);
			runOnlyForDeploymentPostprocessing = 0;
			shellPath = /bin/sh;
			shellScript = "diff \"${PODS_PODFILE_DIR_PATH}/Podfile.lock\" \"${PODS_ROOT}/Manifest.lock\" > /dev/null\nif [ $? != 0 ] ; then\n    # print error to STDERR\n    echo \"error: The sandbox is not in sync with the Podfile.lock. Run 'pod install' or update your CocoaPods installation.\" >&2\n    exit 1\nfi\n# This output is used by Xcode 'outputs' to avoid re-running this script phase.\necho \"SUCCESS\" > \"${SCRIPT_OUTPUT_FILE_0}\"\n";
			showEnvVarsInLog = 0;
		};
		D706F920BE3395C8DCEB8C57 /* [CP] Check Pods Manifest.lock */ = {
			isa = PBXShellScriptBuildPhase;
			buildActionMask = 2147483647;
			files = (
			);
			inputFileListPaths = (
			);
			inputPaths = (
				"${PODS_PODFILE_DIR_PATH}/Podfile.lock",
				"${PODS_ROOT}/Manifest.lock",
			);
			name = "[CP] Check Pods Manifest.lock";
			outputFileListPaths = (
			);
			outputPaths = (
				"$(DERIVED_FILE_DIR)/Pods-face-detection-checkManifestLockResult.txt",
			);
			runOnlyForDeploymentPostprocessing = 0;
			shellPath = /bin/sh;
			shellScript = "diff \"${PODS_PODFILE_DIR_PATH}/Podfile.lock\" \"${PODS_ROOT}/Manifest.lock\" > /dev/null\nif [ $? != 0 ] ; then\n    # print error to STDERR\n    echo \"error: The sandbox is not in sync with the Podfile.lock. Run 'pod install' or update your CocoaPods installation.\" >&2\n    exit 1\nfi\n# This output is used by Xcode 'outputs' to avoid re-running this script phase.\necho \"SUCCESS\" > \"${SCRIPT_OUTPUT_FILE_0}\"\n";
			showEnvVarsInLog = 0;
		};
		FE54DDEB452102DE192BD260 /* [CP] Check Pods Manifest.lock */ = {
			isa = PBXShellScriptBuildPhase;
			buildActionMask = 2147483647;
			files = (
			);
			inputFileListPaths = (
			);
			inputPaths = (
				"${PODS_PODFILE_DIR_PATH}/Podfile.lock",
				"${PODS_ROOT}/Manifest.lock",
			);
			name = "[CP] Check Pods Manifest.lock";
			outputFileListPaths = (
			);
			outputPaths = (
				"$(DERIVED_FILE_DIR)/Pods-face-detection-face-detectionUITests-checkManifestLockResult.txt",
			);
			runOnlyForDeploymentPostprocessing = 0;
			shellPath = /bin/sh;
			shellScript = "diff \"${PODS_PODFILE_DIR_PATH}/Podfile.lock\" \"${PODS_ROOT}/Manifest.lock\" > /dev/null\nif [ $? != 0 ] ; then\n    # print error to STDERR\n    echo \"error: The sandbox is not in sync with the Podfile.lock. Run 'pod install' or update your CocoaPods installation.\" >&2\n    exit 1\nfi\n# This output is used by Xcode 'outputs' to avoid re-running this script phase.\necho \"SUCCESS\" > \"${SCRIPT_OUTPUT_FILE_0}\"\n";
			showEnvVarsInLog = 0;
		};
/* End PBXShellScriptBuildPhase section */

/* Begin PBXSourcesBuildPhase section */
		D307FEE424D904AD000017C0 /* Sources */ = {
			isa = PBXSourcesBuildPhase;
			buildActionMask = 2147483647;
			files = (
				D307FEF024D904AD000017C0 /* ViewController.swift in Sources */,
				D307FEEC24D904AD000017C0 /* AppDelegate.swift in Sources */,
				D307FEEE24D904AD000017C0 /* SceneDelegate.swift in Sources */,
				D307FF2124DF20A5000017C0 /* ImageBridge.mm in Sources */,
				D307FF1E24D90799000017C0 /* Vision.mm in Sources */,
			);
			runOnlyForDeploymentPostprocessing = 0;
		};
		D307FEFA24D904B0000017C0 /* Sources */ = {
			isa = PBXSourcesBuildPhase;
			buildActionMask = 2147483647;
			files = (
				D307FF0324D904B0000017C0 /* face_detectionTests.swift in Sources */,
			);
			runOnlyForDeploymentPostprocessing = 0;
		};
		D307FF0524D904B0000017C0 /* Sources */ = {
			isa = PBXSourcesBuildPhase;
			buildActionMask = 2147483647;
			files = (
				D307FF0E24D904B1000017C0 /* face_detectionUITests.swift in Sources */,
			);
			runOnlyForDeploymentPostprocessing = 0;
		};
/* End PBXSourcesBuildPhase section */

/* Begin PBXTargetDependency section */
		D307FF0024D904B0000017C0 /* PBXTargetDependency */ = {
			isa = PBXTargetDependency;
			target = D307FEE724D904AD000017C0 /* face-detection */;
			targetProxy = D307FEFF24D904B0000017C0 /* PBXContainerItemProxy */;
		};
		D307FF0B24D904B0000017C0 /* PBXTargetDependency */ = {
			isa = PBXTargetDependency;
			target = D307FEE724D904AD000017C0 /* face-detection */;
			targetProxy = D307FF0A24D904B0000017C0 /* PBXContainerItemProxy */;
		};
/* End PBXTargetDependency section */

/* Begin PBXVariantGroup section */
		D307FEF124D904AD000017C0 /* Main.storyboard */ = {
			isa = PBXVariantGroup;
			children = (
				D307FEF224D904AD000017C0 /* Base */,
			);
			name = Main.storyboard;
			sourceTree = "<group>";
		};
		D307FEF624D904B0000017C0 /* LaunchScreen.storyboard */ = {
			isa = PBXVariantGroup;
			children = (
				D307FEF724D904B0000017C0 /* Base */,
			);
			name = LaunchScreen.storyboard;
			sourceTree = "<group>";
		};
/* End PBXVariantGroup section */

/* Begin XCBuildConfiguration section */
		D307FF1024D904B1000017C0 /* Debug */ = {
			isa = XCBuildConfiguration;
			buildSettings = {
				ALWAYS_SEARCH_USER_PATHS = NO;
				CLANG_ANALYZER_NONNULL = YES;
				CLANG_ANALYZER_NUMBER_OBJECT_CONVERSION = YES_AGGRESSIVE;
				CLANG_CXX_LANGUAGE_STANDARD = "gnu++14";
				CLANG_CXX_LIBRARY = "libc++";
				CLANG_ENABLE_MODULES = YES;
				CLANG_ENABLE_OBJC_ARC = YES;
				CLANG_ENABLE_OBJC_WEAK = YES;
				CLANG_WARN_BLOCK_CAPTURE_AUTORELEASING = YES;
				CLANG_WARN_BOOL_CONVERSION = YES;
				CLANG_WARN_COMMA = YES;
				CLANG_WARN_CONSTANT_CONVERSION = YES;
				CLANG_WARN_DEPRECATED_OBJC_IMPLEMENTATIONS = YES;
				CLANG_WARN_DIRECT_OBJC_ISA_USAGE = YES_ERROR;
				CLANG_WARN_DOCUMENTATION_COMMENTS = YES;
				CLANG_WARN_EMPTY_BODY = YES;
				CLANG_WARN_ENUM_CONVERSION = YES;
				CLANG_WARN_INFINITE_RECURSION = YES;
				CLANG_WARN_INT_CONVERSION = YES;
				CLANG_WARN_NON_LITERAL_NULL_CONVERSION = YES;
				CLANG_WARN_OBJC_IMPLICIT_RETAIN_SELF = YES;
				CLANG_WARN_OBJC_LITERAL_CONVERSION = YES;
				CLANG_WARN_OBJC_ROOT_CLASS = YES_ERROR;
				CLANG_WARN_RANGE_LOOP_ANALYSIS = YES;
				CLANG_WARN_STRICT_PROTOTYPES = YES;
				CLANG_WARN_SUSPICIOUS_MOVE = YES;
				CLANG_WARN_UNGUARDED_AVAILABILITY = YES_AGGRESSIVE;
				CLANG_WARN_UNREACHABLE_CODE = YES;
				CLANG_WARN__DUPLICATE_METHOD_MATCH = YES;
				COPY_PHASE_STRIP = NO;
				DEBUG_INFORMATION_FORMAT = dwarf;
				ENABLE_STRICT_OBJC_MSGSEND = YES;
				ENABLE_TESTABILITY = YES;
				GCC_C_LANGUAGE_STANDARD = gnu11;
				GCC_DYNAMIC_NO_PIC = NO;
				GCC_NO_COMMON_BLOCKS = YES;
				GCC_OPTIMIZATION_LEVEL = 0;
				GCC_PREPROCESSOR_DEFINITIONS = (
					"DEBUG=1",
					"$(inherited)",
				);
				GCC_WARN_64_TO_32_BIT_CONVERSION = YES;
				GCC_WARN_ABOUT_RETURN_TYPE = YES_ERROR;
				GCC_WARN_UNDECLARED_SELECTOR = YES;
				GCC_WARN_UNINITIALIZED_AUTOS = YES_AGGRESSIVE;
				GCC_WARN_UNUSED_FUNCTION = YES;
				GCC_WARN_UNUSED_VARIABLE = YES;
				IPHONEOS_DEPLOYMENT_TARGET = 13.4;
				MTL_ENABLE_DEBUG_INFO = INCLUDE_SOURCE;
				MTL_FAST_MATH = YES;
				ONLY_ACTIVE_ARCH = YES;
				SDKROOT = iphoneos;
				SWIFT_ACTIVE_COMPILATION_CONDITIONS = DEBUG;
				SWIFT_OPTIMIZATION_LEVEL = "-Onone";
			};
			name = Debug;
		};
		D307FF1124D904B1000017C0 /* Release */ = {
			isa = XCBuildConfiguration;
			buildSettings = {
				ALWAYS_SEARCH_USER_PATHS = NO;
				CLANG_ANALYZER_NONNULL = YES;
				CLANG_ANALYZER_NUMBER_OBJECT_CONVERSION = YES_AGGRESSIVE;
				CLANG_CXX_LANGUAGE_STANDARD = "gnu++14";
				CLANG_CXX_LIBRARY = "libc++";
				CLANG_ENABLE_MODULES = YES;
				CLANG_ENABLE_OBJC_ARC = YES;
				CLANG_ENABLE_OBJC_WEAK = YES;
				CLANG_WARN_BLOCK_CAPTURE_AUTORELEASING = YES;
				CLANG_WARN_BOOL_CONVERSION = YES;
				CLANG_WARN_COMMA = YES;
				CLANG_WARN_CONSTANT_CONVERSION = YES;
				CLANG_WARN_DEPRECATED_OBJC_IMPLEMENTATIONS = YES;
				CLANG_WARN_DIRECT_OBJC_ISA_USAGE = YES_ERROR;
				CLANG_WARN_DOCUMENTATION_COMMENTS = YES;
				CLANG_WARN_EMPTY_BODY = YES;
				CLANG_WARN_ENUM_CONVERSION = YES;
				CLANG_WARN_INFINITE_RECURSION = YES;
				CLANG_WARN_INT_CONVERSION = YES;
				CLANG_WARN_NON_LITERAL_NULL_CONVERSION = YES;
				CLANG_WARN_OBJC_IMPLICIT_RETAIN_SELF = YES;
				CLANG_WARN_OBJC_LITERAL_CONVERSION = YES;
				CLANG_WARN_OBJC_ROOT_CLASS = YES_ERROR;
				CLANG_WARN_RANGE_LOOP_ANALYSIS = YES;
				CLANG_WARN_STRICT_PROTOTYPES = YES;
				CLANG_WARN_SUSPICIOUS_MOVE = YES;
				CLANG_WARN_UNGUARDED_AVAILABILITY = YES_AGGRESSIVE;
				CLANG_WARN_UNREACHABLE_CODE = YES;
				CLANG_WARN__DUPLICATE_METHOD_MATCH = YES;
				COPY_PHASE_STRIP = NO;
				DEBUG_INFORMATION_FORMAT = "dwarf-with-dsym";
				ENABLE_NS_ASSERTIONS = NO;
				ENABLE_STRICT_OBJC_MSGSEND = YES;
				GCC_C_LANGUAGE_STANDARD = gnu11;
				GCC_NO_COMMON_BLOCKS = YES;
				GCC_WARN_64_TO_32_BIT_CONVERSION = YES;
				GCC_WARN_ABOUT_RETURN_TYPE = YES_ERROR;
				GCC_WARN_UNDECLARED_SELECTOR = YES;
				GCC_WARN_UNINITIALIZED_AUTOS = YES_AGGRESSIVE;
				GCC_WARN_UNUSED_FUNCTION = YES;
				GCC_WARN_UNUSED_VARIABLE = YES;
				IPHONEOS_DEPLOYMENT_TARGET = 13.4;
				MTL_ENABLE_DEBUG_INFO = NO;
				MTL_FAST_MATH = YES;
				SDKROOT = iphoneos;
				SWIFT_COMPILATION_MODE = wholemodule;
				SWIFT_OPTIMIZATION_LEVEL = "-O";
				VALIDATE_PRODUCT = YES;
			};
			name = Release;
		};
		D307FF1324D904B1000017C0 /* Debug */ = {
			isa = XCBuildConfiguration;
			baseConfigurationReference = 270F745B3F1B7CAD1AA0F1E5 /* Pods-face-detection.debug.xcconfig */;
			buildSettings = {
				ASSETCATALOG_COMPILER_APPICON_NAME = AppIcon;
				CLANG_ENABLE_MODULES = YES;
				CODE_SIGN_STYLE = Automatic;
				DEVELOPMENT_TEAM = 9U5B4894Z5;
				INFOPLIST_FILE = "face-detection/Info.plist";
				LD_RUNPATH_SEARCH_PATHS = (
					"$(inherited)",
					"@executable_path/Frameworks",
				);
				PRODUCT_BUNDLE_IDENTIFIER = "com.edhubbard.face-detection";
				PRODUCT_NAME = "$(TARGET_NAME)";
				SWIFT_OBJC_BRIDGING_HEADER = "face-detection/face-detection-Bridging-Header.h";
				SWIFT_OPTIMIZATION_LEVEL = "-Onone";
				SWIFT_VERSION = 5.0;
				TARGETED_DEVICE_FAMILY = "1,2";
			};
			name = Debug;
		};
		D307FF1424D904B1000017C0 /* Release */ = {
			isa = XCBuildConfiguration;
			baseConfigurationReference = 77A1258AB6B26F51EBE3CA83 /* Pods-face-detection.release.xcconfig */;
			buildSettings = {
				ASSETCATALOG_COMPILER_APPICON_NAME = AppIcon;
				CLANG_ENABLE_MODULES = YES;
				CODE_SIGN_STYLE = Automatic;
				DEVELOPMENT_TEAM = 9U5B4894Z5;
				INFOPLIST_FILE = "face-detection/Info.plist";
				LD_RUNPATH_SEARCH_PATHS = (
					"$(inherited)",
					"@executable_path/Frameworks",
				);
				PRODUCT_BUNDLE_IDENTIFIER = "com.edhubbard.face-detection";
				PRODUCT_NAME = "$(TARGET_NAME)";
				SWIFT_OBJC_BRIDGING_HEADER = "face-detection/face-detection-Bridging-Header.h";
				SWIFT_VERSION = 5.0;
				TARGETED_DEVICE_FAMILY = "1,2";
			};
			name = Release;
		};
		D307FF1624D904B1000017C0 /* Debug */ = {
			isa = XCBuildConfiguration;
			baseConfigurationReference = CA38AE200103417EDA1D026C /* Pods-face-detectionTests.debug.xcconfig */;
			buildSettings = {
				ALWAYS_EMBED_SWIFT_STANDARD_LIBRARIES = YES;
				BUNDLE_LOADER = "$(TEST_HOST)";
				CODE_SIGN_STYLE = Automatic;
				DEVELOPMENT_TEAM = 9U5B4894Z5;
				INFOPLIST_FILE = "face-detectionTests/Info.plist";
				IPHONEOS_DEPLOYMENT_TARGET = 13.4;
				LD_RUNPATH_SEARCH_PATHS = (
					"$(inherited)",
					"@executable_path/Frameworks",
					"@loader_path/Frameworks",
				);
				PRODUCT_BUNDLE_IDENTIFIER = "com.edhubbard.face-detectionTests";
				PRODUCT_NAME = "$(TARGET_NAME)";
				SWIFT_VERSION = 5.0;
				TARGETED_DEVICE_FAMILY = "1,2";
				TEST_HOST = "$(BUILT_PRODUCTS_DIR)/face-detection.app/face-detection";
			};
			name = Debug;
		};
		D307FF1724D904B1000017C0 /* Release */ = {
			isa = XCBuildConfiguration;
			baseConfigurationReference = 29DCE1447AEDB048FC817C0D /* Pods-face-detectionTests.release.xcconfig */;
			buildSettings = {
				ALWAYS_EMBED_SWIFT_STANDARD_LIBRARIES = YES;
				BUNDLE_LOADER = "$(TEST_HOST)";
				CODE_SIGN_STYLE = Automatic;
				DEVELOPMENT_TEAM = 9U5B4894Z5;
				INFOPLIST_FILE = "face-detectionTests/Info.plist";
				IPHONEOS_DEPLOYMENT_TARGET = 13.4;
				LD_RUNPATH_SEARCH_PATHS = (
					"$(inherited)",
					"@executable_path/Frameworks",
					"@loader_path/Frameworks",
				);
				PRODUCT_BUNDLE_IDENTIFIER = "com.edhubbard.face-detectionTests";
				PRODUCT_NAME = "$(TARGET_NAME)";
				SWIFT_VERSION = 5.0;
				TARGETED_DEVICE_FAMILY = "1,2";
				TEST_HOST = "$(BUILT_PRODUCTS_DIR)/face-detection.app/face-detection";
			};
			name = Release;
		};
		D307FF1924D904B1000017C0 /* Debug */ = {
			isa = XCBuildConfiguration;
			baseConfigurationReference = 3A55D780F0F0D1FCCEE06B8A /* Pods-face-detection-face-detectionUITests.debug.xcconfig */;
			buildSettings = {
				ALWAYS_EMBED_SWIFT_STANDARD_LIBRARIES = YES;
				CODE_SIGN_STYLE = Automatic;
				DEVELOPMENT_TEAM = 9U5B4894Z5;
				INFOPLIST_FILE = "face-detectionUITests/Info.plist";
				LD_RUNPATH_SEARCH_PATHS = (
					"$(inherited)",
					"@executable_path/Frameworks",
					"@loader_path/Frameworks",
				);
				PRODUCT_BUNDLE_IDENTIFIER = "com.edhubbard.face-detectionUITests";
				PRODUCT_NAME = "$(TARGET_NAME)";
				SWIFT_VERSION = 5.0;
				TARGETED_DEVICE_FAMILY = "1,2";
				TEST_TARGET_NAME = "face-detection";
			};
			name = Debug;
		};
		D307FF1A24D904B1000017C0 /* Release */ = {
			isa = XCBuildConfiguration;
			baseConfigurationReference = A06D542563AD064E570B3B4C /* Pods-face-detection-face-detectionUITests.release.xcconfig */;
			buildSettings = {
				ALWAYS_EMBED_SWIFT_STANDARD_LIBRARIES = YES;
				CODE_SIGN_STYLE = Automatic;
				DEVELOPMENT_TEAM = 9U5B4894Z5;
				INFOPLIST_FILE = "face-detectionUITests/Info.plist";
				LD_RUNPATH_SEARCH_PATHS = (
					"$(inherited)",
					"@executable_path/Frameworks",
					"@loader_path/Frameworks",
				);
				PRODUCT_BUNDLE_IDENTIFIER = "com.edhubbard.face-detectionUITests";
				PRODUCT_NAME = "$(TARGET_NAME)";
				SWIFT_VERSION = 5.0;
				TARGETED_DEVICE_FAMILY = "1,2";
				TEST_TARGET_NAME = "face-detection";
			};
			name = Release;
		};
/* End XCBuildConfiguration section */

/* Begin XCConfigurationList section */
		D307FEE324D904AD000017C0 /* Build configuration list for PBXProject "face-detection" */ = {
			isa = XCConfigurationList;
			buildConfigurations = (
				D307FF1024D904B1000017C0 /* Debug */,
				D307FF1124D904B1000017C0 /* Release */,
			);
			defaultConfigurationIsVisible = 0;
			defaultConfigurationName = Release;
		};
		D307FF1224D904B1000017C0 /* Build configuration list for PBXNativeTarget "face-detection" */ = {
			isa = XCConfigurationList;
			buildConfigurations = (
				D307FF1324D904B1000017C0 /* Debug */,
				D307FF1424D904B1000017C0 /* Release */,
			);
			defaultConfigurationIsVisible = 0;
			defaultConfigurationName = Release;
		};
		D307FF1524D904B1000017C0 /* Build configuration list for PBXNativeTarget "face-detectionTests" */ = {
			isa = XCConfigurationList;
			buildConfigurations = (
				D307FF1624D904B1000017C0 /* Debug */,
				D307FF1724D904B1000017C0 /* Release */,
			);
			defaultConfigurationIsVisible = 0;
			defaultConfigurationName = Release;
		};
		D307FF1824D904B1000017C0 /* Build configuration list for PBXNativeTarget "face-detectionUITests" */ = {
			isa = XCConfigurationList;
			buildConfigurations = (
				D307FF1924D904B1000017C0 /* Debug */,
				D307FF1A24D904B1000017C0 /* Release */,
			);
			defaultConfigurationIsVisible = 0;
			defaultConfigurationName = Release;
		};
/* End XCConfigurationList section */
	};
	rootObject = D307FEE024D904AD000017C0 /* Project object */;
}
